
Microsoft Visual Studio Solution File, Format Version 12.00
# Visual Studio Version 17
VisualStudioVersion = 17.2.32630.192
MinimumVisualStudioVersion = 10.0.40219.1
Project("{FAE04EC0-301F-11D3-BF4B-00C04F79EFBC}") = "ServiceProvider", "ServiceProvider\ServiceProvider.csproj", "{7BCDE31C-AAC9-4645-9B0C-95B71CDD7FA7}"
EndProject
Project("{FAE04EC0-301F-11D3-BF4B-00C04F79EFBC}") = "Registry", "Registry\Registry.csproj", "{B20E59A2-195B-44B6-9D69-9EC8B1AED59B}"
EndProject
Project("{FAE04EC0-301F-11D3-BF4B-00C04F79EFBC}") = "PublishingServices", "PublishingServices\PublishingServices.csproj", "{FDE90E32-C687-4314-90CF-29C7EEE65BC7}"
EndProject
Project("{FAE04EC0-301F-11D3-BF4B-00C04F79EFBC}") = "Authenticator_", "Authenticator_\Authenticator_.csproj", "{D57D3FE1-BB5C-48D9-8CAC-198F362B4E22}"
EndProject
Project("{FAE04EC0-301F-11D3-BF4B-00C04F79EFBC}") = "WpfApp2", "WpfApp2\WpfApp2.csproj", "{FE99F2DB-9D07-4C22-B8E6-CC5BF7399AC4}"
EndProject
Global
	GlobalSection(SolutionConfigurationPlatforms) = preSolution
		Debug|Any CPU = Debug|Any CPU
		Release|Any CPU = Release|Any CPU
	EndGlobalSection
	GlobalSection(ProjectConfigurationPlatforms) = postSolution
		{7BCDE31C-AAC9-4645-9B0C-95B71CDD7FA7}.Debug|Any CPU.ActiveCfg = Debug|Any CPU
		{7BCDE31C-AAC9-4645-9B0C-95B71CDD7FA7}.Debug|Any CPU.Build.0 = Debug|Any CPU
		{7BCDE31C-AAC9-4645-9B0C-95B71CDD7FA7}.Release|Any CPU.ActiveCfg = Release|Any CPU
		{7BCDE31C-AAC9-4645-9B0C-95B71CDD7FA7}.Release|Any CPU.Build.0 = Release|Any CPU
		{B20E59A2-195B-44B6-9D69-9EC8B1AED59B}.Debug|Any CPU.ActiveCfg = Debug|Any CPU
		{B20E59A2-195B-44B6-9D69-9EC8B1AED59B}.Debug|Any CPU.Build.0 = Debug|Any CPU
		{B20E59A2-195B-44B6-9D69-9EC8B1AED59B}.Release|Any CPU.ActiveCfg = Release|Any CPU
		{B20E59A2-195B-44B6-9D69-9EC8B1AED59B}.Release|Any CPU.Build.0 = Release|Any CPU
		{FDE90E32-C687-4314-90CF-29C7EEE65BC7}.Debug|Any CPU.ActiveCfg = Debug|Any CPU
		{FDE90E32-C687-4314-90CF-29C7EEE65BC7}.Debug|Any CPU.Build.0 = Debug|Any CPU
		{FDE90E32-C687-4314-90CF-29C7EEE65BC7}.Release|Any CPU.ActiveCfg = Release|Any CPU
		{FDE90E32-C687-4314-90CF-29C7EEE65BC7}.Release|Any CPU.Build.0 = Release|Any CPU
		{D57D3FE1-BB5C-48D9-8CAC-198F362B4E22}.Debug|Any CPU.ActiveCfg = Debug|Any CPU
		{D57D3FE1-BB5C-48D9-8CAC-198F362B4E22}.Debug|Any CPU.Build.0 = Debug|Any CPU
		{D57D3FE1-BB5C-48D9-8CAC-198F362B4E22}.Release|Any CPU.ActiveCfg = Release|Any CPU
		{D57D3FE1-BB5C-48D9-8CAC-198F362B4E22}.Release|Any CPU.Build.0 = Release|Any CPU
		{FE99F2DB-9D07-4C22-B8E6-CC5BF7399AC4}.Debug|Any CPU.ActiveCfg = Debug|Any CPU
		{FE99F2DB-9D07-4C22-B8E6-CC5BF7399AC4}.Debug|Any CPU.Build.0 = Debug|Any CPU
		{FE99F2DB-9D07-4C22-B8E6-CC5BF7399AC4}.Release|Any CPU.ActiveCfg = Release|Any CPU
		{FE99F2DB-9D07-4C22-B8E6-CC5BF7399AC4}.Release|Any CPU.Build.0 = Release|Any CPU
	EndGlobalSection
	GlobalSection(SolutionProperties) = preSolution
		HideSolutionNode = FALSE
	EndGlobalSection
	GlobalSection(ExtensibilityGlobals) = postSolution
		SolutionGuid = {40E2B745-B8B5-4AD5-9151-F890E1BBC942}
	EndGlobalSection
EndGlobal
